
Microsoft Visual Studio Solution File, Format Version 12.00
# Visual Studio 15
VisualStudioVersion = 15.0.28306.52
MinimumVisualStudioVersion = 10.0.40219.1
Project("{9A19103F-16F7-4668-BE54-9A1E7A4F7556}") = "PatentData", "Assignment9\PatentData.csproj", "{DD4C9AC0-4275-407D-A041-12B7ACB6A4D7}"
EndProject
Project("{9A19103F-16F7-4668-BE54-9A1E7A4F7556}") = "PatentDataAnalyzer.Tests", "PatentDataAnalyzer.Tests\PatentDataAnalyzer.Tests.csproj", "{51D3968B-F384-4336-A514-1410711B24B2}"
EndProject
Global
	GlobalSection(SolutionConfigurationPlatforms) = preSolution
		Debug|Any CPU = Debug|Any CPU
		Release|Any CPU = Release|Any CPU
	EndGlobalSection
	GlobalSection(ProjectConfigurationPlatforms) = postSolution
		{DD4C9AC0-4275-407D-A041-12B7ACB6A4D7}.Debug|Any CPU.ActiveCfg = Debug|Any CPU
		{DD4C9AC0-4275-407D-A041-12B7ACB6A4D7}.Debug|Any CPU.Build.0 = Debug|Any CPU
		{DD4C9AC0-4275-407D-A041-12B7ACB6A4D7}.Release|Any CPU.ActiveCfg = Release|Any CPU
		{DD4C9AC0-4275-407D-A041-12B7ACB6A4D7}.Release|Any CPU.Build.0 = Release|Any CPU
		{51D3968B-F384-4336-A514-1410711B24B2}.Debug|Any CPU.ActiveCfg = Debug|Any CPU
		{51D3968B-F384-4336-A514-1410711B24B2}.Debug|Any CPU.Build.0 = Debug|Any CPU
		{51D3968B-F384-4336-A514-1410711B24B2}.Release|Any CPU.ActiveCfg = Release|Any CPU
		{51D3968B-F384-4336-A514-1410711B24B2}.Release|Any CPU.Build.0 = Release|Any CPU
	EndGlobalSection
	GlobalSection(SolutionProperties) = preSolution
		HideSolutionNode = FALSE
	EndGlobalSection
	GlobalSection(ExtensibilityGlobals) = postSolution
		SolutionGuid = {8A6EC7A2-F746-4AB9-8884-983272341800}
	EndGlobalSection
EndGlobal
