
Microsoft Visual Studio Solution File, Format Version 12.00
# Visual Studio 15
VisualStudioVersion = 15.0.26124.0
MinimumVisualStudioVersion = 15.0.26124.0
Project("{9A19103F-16F7-4668-BE54-9A1E7A4F7556}") = "HelloWorldTest", "test\HelloWorldTest.csproj", "{86C60BF0-02A1-4D6E-8B9D-FFED40F8B51A}"
EndProject
Project("{9A19103F-16F7-4668-BE54-9A1E7A4F7556}") = "HelloWorld", "src\HelloWorld.csproj", "{B261F0CB-D64A-457B-AB62-195CF1405032}"
EndProject
Global
	GlobalSection(SolutionConfigurationPlatforms) = preSolution
		Debug|Any CPU = Debug|Any CPU
		Debug|x64 = Debug|x64
		Debug|x86 = Debug|x86
		Release|Any CPU = Release|Any CPU
		Release|x64 = Release|x64
		Release|x86 = Release|x86
	EndGlobalSection
	GlobalSection(ProjectConfigurationPlatforms) = postSolution
		{86C60BF0-02A1-4D6E-8B9D-FFED40F8B51A}.Debug|Any CPU.ActiveCfg = Debug|Any CPU
		{86C60BF0-02A1-4D6E-8B9D-FFED40F8B51A}.Debug|Any CPU.Build.0 = Debug|Any CPU
		{86C60BF0-02A1-4D6E-8B9D-FFED40F8B51A}.Debug|x64.ActiveCfg = Debug|Any CPU
		{86C60BF0-02A1-4D6E-8B9D-FFED40F8B51A}.Debug|x64.Build.0 = Debug|Any CPU
		{86C60BF0-02A1-4D6E-8B9D-FFED40F8B51A}.Debug|x86.ActiveCfg = Debug|Any CPU
		{86C60BF0-02A1-4D6E-8B9D-FFED40F8B51A}.Debug|x86.Build.0 = Debug|Any CPU
		{86C60BF0-02A1-4D6E-8B9D-FFED40F8B51A}.Release|Any CPU.ActiveCfg = Release|Any CPU
		{86C60BF0-02A1-4D6E-8B9D-FFED40F8B51A}.Release|Any CPU.Build.0 = Release|Any CPU
		{86C60BF0-02A1-4D6E-8B9D-FFED40F8B51A}.Release|x64.ActiveCfg = Release|Any CPU
		{86C60BF0-02A1-4D6E-8B9D-FFED40F8B51A}.Release|x64.Build.0 = Release|Any CPU
		{86C60BF0-02A1-4D6E-8B9D-FFED40F8B51A}.Release|x86.ActiveCfg = Release|Any CPU
		{86C60BF0-02A1-4D6E-8B9D-FFED40F8B51A}.Release|x86.Build.0 = Release|Any CPU
		{B261F0CB-D64A-457B-AB62-195CF1405032}.Debug|Any CPU.ActiveCfg = Debug|Any CPU
		{B261F0CB-D64A-457B-AB62-195CF1405032}.Debug|Any CPU.Build.0 = Debug|Any CPU
		{B261F0CB-D64A-457B-AB62-195CF1405032}.Debug|x64.ActiveCfg = Debug|Any CPU
		{B261F0CB-D64A-457B-AB62-195CF1405032}.Debug|x64.Build.0 = Debug|Any CPU
		{B261F0CB-D64A-457B-AB62-195CF1405032}.Debug|x86.ActiveCfg = Debug|Any CPU
		{B261F0CB-D64A-457B-AB62-195CF1405032}.Debug|x86.Build.0 = Debug|Any CPU
		{B261F0CB-D64A-457B-AB62-195CF1405032}.Release|Any CPU.ActiveCfg = Release|Any CPU
		{B261F0CB-D64A-457B-AB62-195CF1405032}.Release|Any CPU.Build.0 = Release|Any CPU
		{B261F0CB-D64A-457B-AB62-195CF1405032}.Release|x64.ActiveCfg = Release|Any CPU
		{B261F0CB-D64A-457B-AB62-195CF1405032}.Release|x64.Build.0 = Release|Any CPU
		{B261F0CB-D64A-457B-AB62-195CF1405032}.Release|x86.ActiveCfg = Release|Any CPU
		{B261F0CB-D64A-457B-AB62-195CF1405032}.Release|x86.Build.0 = Release|Any CPU
	EndGlobalSection
	GlobalSection(SolutionProperties) = preSolution
		HideSolutionNode = FALSE
	EndGlobalSection
	GlobalSection(ExtensibilityGlobals) = postSolution
		SolutionGuid = {3E6F93BD-C58B-4DD6-8709-3CF9C1E943E7}
	EndGlobalSection
EndGlobal
