
Microsoft Visual Studio Solution File, Format Version 12.00
# Visual Studio 15
VisualStudioVersion = 15.0.26124.0
MinimumVisualStudioVersion = 15.0.26124.0
Project("{FAE04EC0-301F-11D3-BF4B-00C04F79EFBC}") = "CalendarItems", "src\CalendarItems\CalendarItems.csproj", "{49B861B4-8C56-4C87-9D45-8CF06AAED67B}"
EndProject
Project("{FAE04EC0-301F-11D3-BF4B-00C04F79EFBC}") = "CalendarItem.Test", "test\CalendarItem.Test\CalendarItem.Test.csproj", "{0B7B670F-A500-4758-ADFA-970C3EF0328E}"
EndProject
Global
	GlobalSection(SolutionConfigurationPlatforms) = preSolution
		Debug|Any CPU = Debug|Any CPU
		Debug|x64 = Debug|x64
		Debug|x86 = Debug|x86
		Release|Any CPU = Release|Any CPU
		Release|x64 = Release|x64
		Release|x86 = Release|x86
	EndGlobalSection
	GlobalSection(ProjectConfigurationPlatforms) = postSolution
		{49B861B4-8C56-4C87-9D45-8CF06AAED67B}.Debug|Any CPU.ActiveCfg = Debug|Any CPU
		{49B861B4-8C56-4C87-9D45-8CF06AAED67B}.Debug|Any CPU.Build.0 = Debug|Any CPU
		{49B861B4-8C56-4C87-9D45-8CF06AAED67B}.Debug|x64.ActiveCfg = Debug|Any CPU
		{49B861B4-8C56-4C87-9D45-8CF06AAED67B}.Debug|x64.Build.0 = Debug|Any CPU
		{49B861B4-8C56-4C87-9D45-8CF06AAED67B}.Debug|x86.ActiveCfg = Debug|Any CPU
		{49B861B4-8C56-4C87-9D45-8CF06AAED67B}.Debug|x86.Build.0 = Debug|Any CPU
		{49B861B4-8C56-4C87-9D45-8CF06AAED67B}.Release|Any CPU.ActiveCfg = Release|Any CPU
		{49B861B4-8C56-4C87-9D45-8CF06AAED67B}.Release|Any CPU.Build.0 = Release|Any CPU
		{49B861B4-8C56-4C87-9D45-8CF06AAED67B}.Release|x64.ActiveCfg = Release|Any CPU
		{49B861B4-8C56-4C87-9D45-8CF06AAED67B}.Release|x64.Build.0 = Release|Any CPU
		{49B861B4-8C56-4C87-9D45-8CF06AAED67B}.Release|x86.ActiveCfg = Release|Any CPU
		{49B861B4-8C56-4C87-9D45-8CF06AAED67B}.Release|x86.Build.0 = Release|Any CPU
		{0B7B670F-A500-4758-ADFA-970C3EF0328E}.Debug|Any CPU.ActiveCfg = Debug|Any CPU
		{0B7B670F-A500-4758-ADFA-970C3EF0328E}.Debug|Any CPU.Build.0 = Debug|Any CPU
		{0B7B670F-A500-4758-ADFA-970C3EF0328E}.Debug|x64.ActiveCfg = Debug|Any CPU
		{0B7B670F-A500-4758-ADFA-970C3EF0328E}.Debug|x64.Build.0 = Debug|Any CPU
		{0B7B670F-A500-4758-ADFA-970C3EF0328E}.Debug|x86.ActiveCfg = Debug|Any CPU
		{0B7B670F-A500-4758-ADFA-970C3EF0328E}.Debug|x86.Build.0 = Debug|Any CPU
		{0B7B670F-A500-4758-ADFA-970C3EF0328E}.Release|Any CPU.ActiveCfg = Release|Any CPU
		{0B7B670F-A500-4758-ADFA-970C3EF0328E}.Release|Any CPU.Build.0 = Release|Any CPU
		{0B7B670F-A500-4758-ADFA-970C3EF0328E}.Release|x64.ActiveCfg = Release|Any CPU
		{0B7B670F-A500-4758-ADFA-970C3EF0328E}.Release|x64.Build.0 = Release|Any CPU
		{0B7B670F-A500-4758-ADFA-970C3EF0328E}.Release|x86.ActiveCfg = Release|Any CPU
		{0B7B670F-A500-4758-ADFA-970C3EF0328E}.Release|x86.Build.0 = Release|Any CPU
	EndGlobalSection
	GlobalSection(SolutionProperties) = preSolution
		HideSolutionNode = FALSE
	EndGlobalSection
	GlobalSection(ExtensibilityGlobals) = postSolution
		SolutionGuid = {DD07F004-445C-4601-8625-23B041C00F78}
	EndGlobalSection
EndGlobal
